{
    "name": "screenshot",
    "version": "1.0.0",
    "lockfileVersion": 1,
    "requires": true,
    "dependencies": {
        "snabbdom": {
            "version": "0.7.4",
            "resolved": "https://registry.npmjs.org/snabbdom/-/snabbdom-0.7.4.tgz",
            "integrity": "sha512-nnN+7uZ2NTIiu7EPMNwSDhmrYXqwlfCP/j72RdzvDPujXyvQxOW7Jl9yuLayzxMHDNWQR7FM6Pcn4wnDpKRe6Q=="
        }
    }
}
