{
    "name": "snapshot",
    "version": "1.0.0",
    "lockfileVersion": 1,
    "requires": true,
    "dependencies": {
        "@types/lodash": {
            "version": "4.14.149",
            "resolved": "https://registry.npm.taobao.org/@types/lodash/download/@types/lodash-4.14.149.tgz",
            "integrity": "sha1-E0LWPZSMYGKDj7+WEBL3TU5jhEA=",
            "dev": true
        },
        "@types/lodash-es": {
            "version": "4.17.3",
            "resolved": "https://registry.npm.taobao.org/@types/lodash-es/download/@types/lodash-es-4.17.3.tgz",
            "integrity": "sha1-h+sLNnOwdrjuZV8YkCYKE2rwmi0=",
            "dev": true,
            "requires": {
                "@types/lodash": "*"
            }
        }
    }
}
